
Microsoft Visual Studio Solution File, Format Version 12.00
# Visual Studio Version 16
VisualStudioVersion = 16.0.30907.101
MinimumVisualStudioVersion = 10.0.40219.1
Project("{9A19103F-16F7-4668-BE54-9A1E7A4F7556}") = "HeavenholdBot", "HeavenholdBot.csproj", "{FC359F52-E3AE-49C8-87DE-F701ADD69747}"
EndProject
Global
	GlobalSection(SolutionConfigurationPlatforms) = preSolution
		Debug|Any CPU = Debug|Any CPU
		Release|Any CPU = Release|Any CPU
	EndGlobalSection
	GlobalSection(ProjectConfigurationPlatforms) = postSolution
		{FC359F52-E3AE-49C8-87DE-F701ADD69747}.Debug|Any CPU.ActiveCfg = Debug|Any CPU
		{FC359F52-E3AE-49C8-87DE-F701ADD69747}.Debug|Any CPU.Build.0 = Debug|Any CPU
		{FC359F52-E3AE-49C8-87DE-F701ADD69747}.Release|Any CPU.ActiveCfg = Release|Any CPU
		{FC359F52-E3AE-49C8-87DE-F701ADD69747}.Release|Any CPU.Build.0 = Release|Any CPU
	EndGlobalSection
	GlobalSection(SolutionProperties) = preSolution
		HideSolutionNode = FALSE
	EndGlobalSection
	GlobalSection(ExtensibilityGlobals) = postSolution
		SolutionGuid = {3BB83081-C08A-456B-9240-FE438532AD2B}
	EndGlobalSection
EndGlobal
